dependencies:
- name: eric-enmsg-access-control
  repository: https://arm.epk.ericsson.se/artifactory/proj-enm-helm/
  version: 1.27.9-1
- name: eric-enmsg-amos
  repository: https://arm.epk.ericsson.se/artifactory/proj-enm-helm/
  version: 1.27.9-1
- name: eric-enmsg-autoprovisioning
  repository: https://arm.epk.ericsson.se/artifactory/proj-enm-helm/
  version: 1.27.9-1
- name: eric-enmsg-cmevents
  repository: https://arm.epk.ericsson.se/artifactory/proj-enm-helm/
  version: 1.27.9-1
- name: eric-enmsg-cmservice
  repository: https://arm.epk.ericsson.se/artifactory/proj-enm-helm/
  version: 1.27.9-1
- name: eric-enmsg-cmutilities
  repository: https://arm.epk.ericsson.se/artifactory/proj-enm-helm/
  version: 1.27.9-1
- name: eric-enmsg-com-ecim-mscm
  repository: https://arm.epk.ericsson.se/artifactory/proj-enm-helm/
  version: 1.27.9-1
- name: eric-enmsg-comecimpolicy
  repository: https://arm.epk.ericsson.se/artifactory/proj-enm-helm/
  version: 1.27.9-1
- name: eric-enmsg-eventbasedclient
  repository: https://arm.epk.ericsson.se/artifactory/proj-enm-helm/
  version: 1.27.9-1
- name: eric-enmsg-fls
  repository: https://arm.epk.ericsson.se/artifactory/proj-enm-helm/
  version: 1.27.9-1
- name: eric-enmsg-fm-alarm-processing
  repository: https://arm.epk.ericsson.se/artifactory/proj-enm-helm/
  version: 1.27.9-1
- name: eric-enmsg-fm-service
  repository: https://arm.epk.ericsson.se/artifactory/proj-enm-helm/
  version: 1.27.9-1
- name: eric-enmsg-lcmservice
  repository: https://arm.epk.ericsson.se/artifactory/proj-enm-helm/
  version: 1.27.9-1
- name: eric-enmsg-medrouter
  repository: https://arm.epk.ericsson.se/artifactory/proj-enm-helm/
  version: 1.27.9-1
- name: eric-enmsg-msap
  repository: https://arm.epk.ericsson.se/artifactory/proj-enm-helm/
  version: 1.27.9-1
- name: eric-enmsg-mscm
  repository: https://arm.epk.ericsson.se/artifactory/proj-enm-helm/
  version: 1.27.9-1
- name: eric-enmsg-msfm
  repository: https://arm.epk.ericsson.se/artifactory/proj-enm-helm/
  version: 1.27.9-1
- name: eric-enmsg-mspm
  repository: https://arm.epk.ericsson.se/artifactory/proj-enm-helm/
  version: 1.27.9-1
- name: eric-enmsg-mspmip
  repository: https://arm.epk.ericsson.se/artifactory/proj-enm-helm/
  version: 1.27.9-1
- name: eric-enmsg-mssnmpcm
  repository: https://arm.epk.ericsson.se/artifactory/proj-enm-helm/
  version: 1.27.9-1
- name: eric-enmsg-networkexplorer
  repository: https://arm.epk.ericsson.se/artifactory/proj-enm-helm/
  version: 1.27.9-1
- name: eric-enmsg-openidm
  repository: https://arm.epk.ericsson.se/artifactory/proj-enm-helm/
  version: 1.27.9-1
- name: eric-enmsg-pki-ra-service
  repository: https://arm.epk.ericsson.se/artifactory/proj-enm-helm/
  version: 1.27.9-1
- name: eric-enmsg-pmic-router-policy
  repository: https://arm.epk.ericsson.se/artifactory/proj-enm-helm/
  version: 1.27.9-1
- name: eric-enmsg-pmservice
  repository: https://arm.epk.ericsson.se/artifactory/proj-enm-helm/
  version: 1.27.9-1
- name: eric-enmsg-security-service
  repository: https://arm.epk.ericsson.se/artifactory/proj-enm-helm/
  version: 1.23.9-1
- name: eric-enmsg-shmservice
  repository: https://arm.epk.ericsson.se/artifactory/proj-enm-helm/
  version: 1.27.9-1
- name: eric-enmsg-smrs-service
  repository: https://arm.epk.ericsson.se/artifactory/proj-enm-helm/
  version: 1.27.9-1
- name: eric-enmsg-sps-service
  repository: https://arm.epk.ericsson.se/artifactory/proj-enm-helm/
  version: 1.27.9-1
- name: eric-enmsg-sps-web-service
  repository: https://arm.epk.ericsson.se/artifactory/proj-enm-helm/
  version: 1.12.9-1
- name: eric-enmsg-sso
  repository: https://arm.epk.ericsson.se/artifactory/proj-enm-helm/
  version: 1.23.9-1
- name: eric-enmsg-uiservice
  repository: https://arm.epk.ericsson.se/artifactory/proj-enm-helm/
  version: 1.27.9-1
- name: eric-enmsg-web-push-service
  repository: https://arm.epk.ericsson.se/artifactory/proj-enm-helm/
  version: 1.27.9-1
- name: eric-enmsg-supervisionclient
  repository: https://arm.epk.ericsson.se/artifactory/proj-enm-helm/
  version: 1.27.9-1
- name: eric-enmsg-visinaming-sb
  repository: https://arm.epk.ericsson.se/artifactory/proj-enm-helm/
  version: 1.27.9-1
- name: eric-enmsg-nedo-serv
  repository: https://arm.epk.ericsson.se/artifactory/proj-enm-helm/
  version: 1.27.9-1
- name: eric-enmsg-flowautomation
  repository: https://arm.epk.ericsson.se/artifactory/proj-enm-helm/
  version: 1.27.9-1
- name: eric-enmsg-mssnmpfm
  repository: https://arm.epk.ericsson.se/artifactory/proj-enm-helm/
  version: 1.27.9-1
- name: eric-enmsg-node-plugins
  repository: https://arm.epk.ericsson.se/artifactory/proj-enm-helm/
  version: 1.27.9-1
- name: eric-enmsg-kpi-calc-serv
  repository: https://arm.epk.ericsson.se/artifactory/proj-enm-helm/
  version: 1.27.9-1
- name: eric-enmsg-shm-core-service
  repository: https://arm.epk.ericsson.se/artifactory/proj-enm-helm/
  version: 1.27.9-1
- name: eric-enmsg-msnetlog
  repository: https://arm.epk.ericsson.se/artifactory/proj-enm-helm/
  version: 1.27.9-1
- name: eric-enmsg-msapgfm
  repository: https://arm.epk.ericsson.se/artifactory/proj-enm-helm/
  version: 1.27.9-1
- name: eric-enmsg-kpi-service
  repository: https://arm.epk.ericsson.se/artifactory/proj-enm-helm/
  version: 1.27.9-1
- name: eric-enmsg-nodecli
  repository: https://arm.epk.ericsson.se/artifactory/proj-enm-helm/
  version: 1.27.9-1
- name: eric-enmsg-import-export-service
  repository: https://arm.epk.ericsson.se/artifactory/proj-enm-helm/
  version: 1.26.9-1
- name: eric-enmsg-ip-service-management
  repository: https://arm.epk.ericsson.se/artifactory/proj-enm-helm/
  version: 1.27.9-1
- name: eric-enmsg-mscmapg
  repository: https://arm.epk.ericsson.se/artifactory/proj-enm-helm/
  version: 1.27.9-1
- name: eric-enmsg-mscmip
  repository: https://arm.epk.ericsson.se/artifactory/proj-enm-helm/
  version: 1.27.9-1
- name: eric-enmsg-domain-proxy-coordinator
  repository: https://arm.epk.ericsson.se/artifactory/proj-enm-helm/
  version: 1.27.9-1
- name: eric-enmsg-nb-fm-snmp
  repository: https://arm.epk.ericsson.se/artifactory/proj-enm-helm/
  version: 1.27.9-1
- name: eric-enmsg-mskpirt
  repository: https://arm.epk.ericsson.se/artifactory/proj-enm-helm/
  version: 1.27.9-1
- name: eric-enmsg-nbi-bnsi-fm
  repository: https://arm.epk.ericsson.se/artifactory/proj-enm-helm/
  version: 1.27.9-1
- name: eric-enmsg-general-scripting
  repository: https://arm.epk.ericsson.se/artifactory/proj-enm-helm/
  version: 1.27.9-1
- name: eric-enmsg-visinaming-nb
  repository: https://arm.epk.ericsson.se/artifactory/proj-enm-helm/
  version: 1.27.9-1
- name: eric-enmsg-sa-service
  repository: https://arm.epk.ericsson.se/artifactory/proj-enm-helm/
  version: 1.27.9-1
- name: eric-enmsg-fm-history
  repository: https://arm.epk.ericsson.se/artifactory/proj-enm-helm/
  version: 1.27.9-1
- name: eric-enmsg-autoid-service
  repository: https://arm.epk.ericsson.se/artifactory/proj-enm-helm/
  version: 1.27.9-1
- name: eric-enmsg-dlms
  repository: https://arm.epk.ericsson.se/artifactory/proj-enm-helm/
  version: 1.27.9-1
- name: eric-enmsg-dc-history
  repository: https://arm.epk.ericsson.se/artifactory/proj-enm-helm/
  version: 1.27.9-1
- name: eric-enmsg-elex
  repository: https://arm.epk.ericsson.se/artifactory/proj-enm-helm/
  version: 1.27.9-1
- name: eric-enmsg-identity-mgmt-service
  repository: https://arm.epk.ericsson.se/artifactory/proj-enm-helm/
  version: 1.24.9-1
- name: eric-enmsg-nb-alarm-irp-agent-corba
  repository: https://arm.epk.ericsson.se/artifactory/proj-enm-helm/
  version: 1.27.9-1
- name: eric-enmsg-nb-alarm-irp-agent-corba
  repository: https://arm.epk.ericsson.se/artifactory/proj-enm-helm/
  version: 1.27.9-1
- name: eric-enmsg-cellserv
  repository: https://arm.epk.ericsson.se/artifactory/proj-enm-helm/
  version: 1.22.9-1
- name: eric-enm-credm-controller
  repository: https://arm.epk.ericsson.se/artifactory/proj-enm-helm/
  version: 1.15.9-1
- name: eric-enmsg-itservices
  repository: https://arm.epk.ericsson.se/artifactory/proj-enm-helm/
  version: 1.16.9-1
- name: eric-enm-data-migration
  repository: https://arm.epk.ericsson.se/artifactory/proj-enm-helm/
  version: 1.12.9-1
- name: eric-cnom-server
  repository: https://arm.sero.gic.ericsson.se/artifactory/proj-pc-rs-released-helm/
  version: 1.74.5+10
- name: eric-enmsg-ebs-controller
  repository: https://arm.epk.ericsson.se/artifactory/proj-enm-helm/
  version: 1.12.9-1
- name: eric-enmsg-ebs-flow
  repository: https://arm.epk.ericsson.se/artifactory/proj-enm-helm/
  version: 1.12.9-1
- name: eric-enmsg-ebs-topology
  repository: https://arm.epk.ericsson.se/artifactory/proj-enm-helm/
  version: 1.12.9-1
- name: eric-enmsg-element-manager
  repository: https://arm.epk.ericsson.se/artifactory/proj-enm-helm/
  version: 1.15.9-1
- name: eric-enmsg-remotedesktop
  repository: https://arm.epk.ericsson.se/artifactory/proj-enm-helm/
  version: 1.27.9-1
digest: sha256:a1db24365e87814b6975c25dc7898ddf35622529099daae297b791e12b5c7bb8
generated: "2022-06-21T13:27:47.401551419Z"
