dependencies:
- name: eric-enmsg-jmsserver
  repository: https://arm.epk.ericsson.se/artifactory/proj-enm-helm/
  version: 1.27.9-1
- name: eric-enmsg-gossiprouter-cache
  repository: https://arm.epk.ericsson.se/artifactory/proj-enm-helm/
  version: 1.27.9-1
- name: eric-enmsg-gossiprouter-remoting
  repository: https://arm.epk.ericsson.se/artifactory/proj-enm-helm/
  version: 1.27.9-1
- name: eric-enm-modeldeployservice
  repository: https://arm.epk.ericsson.se/artifactory/proj-enm-helm/
  version: 1.27.9-1
- name: eric-enmsg-opendj
  repository: https://arm.epk.ericsson.se/artifactory/proj-enm-helm/
  version: 1.26.9-1
- name: eric-enm-omnidaemon
  repository: https://arm.epk.ericsson.se/artifactory/proj-enm-helm/
  version: 1.27.9-1
- name: eric-enmsg-sentinel
  repository: https://arm.epk.ericsson.se/artifactory/proj-enm-helm/
  version: 1.27.9-1
- name: eric-enm-kvstore-hc
  repository: https://arm.epk.ericsson.se/artifactory/proj-enm-helm/
  version: 2.27.9-1
- name: eric-enmsg-vault-service
  repository: https://arm.epk.ericsson.se/artifactory/proj-enm-helm/
  version: 1.27.9-1
- name: eric-data-search-engine
  repository: https://arm.rnd.ki.sw.ericsson.se/artifactory/proj-adp-gs-all-helm/
  version: 10.1.0+22
- name: eric-data-search-engine
  repository: https://arm.rnd.ki.sw.ericsson.se/artifactory/proj-adp-gs-all-helm/
  version: 10.1.0+22
- name: eric-enmsg-elasticsearch
  repository: https://arm.epk.ericsson.se/artifactory/proj-enm-helm/
  version: 1.2.0-43
- name: eric-enmsg-elasticsearch
  repository: https://arm.epk.ericsson.se/artifactory/proj-enm-helm/
  version: 1.2.0-43
- name: elasticsearch-admin
  repository: https://arm.epk.ericsson.se/artifactory/proj-enm-helm/
  version: 1.6.0-6
- name: eric-data-graph-database-nj
  repository: https://arm.epk.ericsson.se/artifactory/proj-adp-oss-graph-database-nj-release-helm/
  version: 0.0.1-227
- name: eric-data-search-engine-curator
  repository: https://arm.rnd.ki.sw.ericsson.se/artifactory/proj-adp-gs-released-helm/
  version: 2.9.0+22
- name: eric-net-ingress-l4
  repository: https://arm.epk.ericsson.se/artifactory/proj-enm-helm/
  version: 1.1.0-111
- name: eric-enm-sfwkdb-schemamgt
  repository: https://arm.epk.ericsson.se/artifactory/proj-enm-helm/
  version: 1.27.9-1
- name: eric-enm-dps-schemamgt
  repository: https://arm.epk.ericsson.se/artifactory/proj-enm-helm/
  version: 1.26.9-1
- name: eric-enmsg-gossiprouter-eap7
  repository: https://arm.epk.ericsson.se/artifactory/proj-enm-helm/
  version: 1.27.9-1
- name: eric-data-document-database-pg
  repository: https://arm.rnd.ki.sw.ericsson.se/artifactory/proj-adp-gs-all-helm/
  version: 7.3.0+26
- name: eric-enm-flsdb-schemamgt
  repository: https://arm.epk.ericsson.se/artifactory/proj-enm-helm/
  version: 1.27.9-1
- name: eric-enm-sso-core-token-service
  repository: https://arm.epk.ericsson.se/artifactory/proj-enm-helm/
  version: 1.17.9-1
- name: eric-enm-int-log-transformer
  repository: https://arm.epk.ericsson.se/artifactory/proj-enm-helm
  version: 5.0.1
- name: eric-cnom-document-database-mg
  repository: https://arm.sero.gic.ericsson.se/artifactory/proj-pc-released-helm/
  version: 1.5.14+4
digest: sha256:6540c96a503955c35a46fd988a0305d95c2dd3d285f9a9c278be1c2530fb3cc8
generated: "2022-06-21T12:59:38.942503487Z"
